speakeasyVersion: 1.761.5
sources:
    Paraph API:
        sourceNamespace: paraph-api
        sourceRevisionDigest: sha256:c1d2f67e87d6a36a40a02b7501f8724abcbec820164f162b8952c37b56fb0350
        sourceBlobDigest: sha256:08585cca7cfb3f06f01f93e01e670e5408ad2b7912e85808cf4bef6b186b8b14
        tags:
            - latest
            - 1.0.0
targets:
    paraph:
        source: Paraph API
        sourceNamespace: paraph-api
        sourceRevisionDigest: sha256:c1d2f67e87d6a36a40a02b7501f8724abcbec820164f162b8952c37b56fb0350
        sourceBlobDigest: sha256:08585cca7cfb3f06f01f93e01e670e5408ad2b7912e85808cf4bef6b186b8b14
        codeSamplesNamespace: paraph-api-go-code-samples
        codeSamplesRevisionDigest: sha256:b9160ff29140d35a180e94644e2f92a9f881cc04caf0760eebf8daa19d1ba05c
workflow:
    workflowVersion: 1.0.0
    speakeasyVersion: latest
    sources:
        Paraph API:
            inputs:
                - location: ../paraph/openapi.yaml
            overlays:
                - location: .speakeasy/speakeasy-modifications-overlay.yaml
            output: .speakeasy/out.openapi.yaml
            registry:
                location: registry.speakeasyapi.dev/paraph/paraph/paraph-api
    targets:
        paraph:
            target: go
            source: Paraph API
            codeSamples:
                registry:
                    location: registry.speakeasyapi.dev/paraph/paraph/paraph-api-go-code-samples
                labelOverride:
                    fixedValue: Go (SDK)
                blocking: false
